
Microsoft Visual Studio Solution File, Format Version 10.00
# Visual Studio 2008
Project("{8BC9CEB8-8B4A-11D0-8D11-00A0C91BC942}") = "SipCallDump", "SipCallDump\SipCallDump.vcproj", "{C2D2EC9E-A7D1-4D79-808F-D8F8F883439C}"
	ProjectSection(ProjectDependencies) = postProject
		{4861DF07-69DC-4099-8F3D-1904FF720CAD} = {4861DF07-69DC-4099-8F3D-1904FF720CAD}
		{59766094-16E8-4602-9621-6C1E5ED9AF5F} = {59766094-16E8-4602-9621-6C1E5ED9AF5F}
		{37B903A3-633B-4F2C-9146-AA7D49C92B95} = {37B903A3-633B-4F2C-9146-AA7D49C92B95}
		{11E19CA3-F409-41E3-BD62-E1CEA134B7DB} = {11E19CA3-F409-41E3-BD62-E1CEA134B7DB}
		{AF551BC2-1AF3-419B-9B54-04C2EF4FAC72} = {AF551BC2-1AF3-419B-9B54-04C2EF4FAC72}
	EndProjectSection
EndProject
Project("{8BC9CEB8-8B4A-11D0-8D11-00A0C91BC942}") = "SdpParser", "SdpParser\SdpParser.vcproj", "{37B903A3-633B-4F2C-9146-AA7D49C92B95}"
EndProject
Project("{8BC9CEB8-8B4A-11D0-8D11-00A0C91BC942}") = "SipParser", "SipParser\SipParser.vcproj", "{11E19CA3-F409-41E3-BD62-E1CEA134B7DB}"
EndProject
Project("{8BC9CEB8-8B4A-11D0-8D11-00A0C91BC942}") = "SipPlatform", "SipPlatform\SipPlatform.vcproj", "{59766094-16E8-4602-9621-6C1E5ED9AF5F}"
EndProject
Project("{8BC9CEB8-8B4A-11D0-8D11-00A0C91BC942}") = "ServerPlatform", "ServerPlatform\ServerPlatform.vcproj", "{4861DF07-69DC-4099-8F3D-1904FF720CAD}"
EndProject
Project("{8BC9CEB8-8B4A-11D0-8D11-00A0C91BC942}") = "XmlParser", "XmlParser\XmlParser.vcproj", "{AF551BC2-1AF3-419B-9B54-04C2EF4FAC72}"
EndProject
Project("{8BC9CEB8-8B4A-11D0-8D11-00A0C91BC942}") = "SipStack", "SipStack\SipStack.vcproj", "{A74D7687-3A0C-46C8-AC3D-304A68C7C635}"
EndProject
Global
	GlobalSection(SolutionConfigurationPlatforms) = preSolution
		Debug|Win32 = Debug|Win32
		Debug|x64 = Debug|x64
		Release|Win32 = Release|Win32
		Release|x64 = Release|x64
	EndGlobalSection
	GlobalSection(ProjectConfigurationPlatforms) = postSolution
		{C2D2EC9E-A7D1-4D79-808F-D8F8F883439C}.Debug|Win32.ActiveCfg = Debug|Win32
		{C2D2EC9E-A7D1-4D79-808F-D8F8F883439C}.Debug|Win32.Build.0 = Debug|Win32
		{C2D2EC9E-A7D1-4D79-808F-D8F8F883439C}.Debug|x64.ActiveCfg = Debug|Win32
		{C2D2EC9E-A7D1-4D79-808F-D8F8F883439C}.Release|Win32.ActiveCfg = Release|Win32
		{C2D2EC9E-A7D1-4D79-808F-D8F8F883439C}.Release|Win32.Build.0 = Release|Win32
		{C2D2EC9E-A7D1-4D79-808F-D8F8F883439C}.Release|x64.ActiveCfg = Release|Win32
		{37B903A3-633B-4F2C-9146-AA7D49C92B95}.Debug|Win32.ActiveCfg = Debug|Win32
		{37B903A3-633B-4F2C-9146-AA7D49C92B95}.Debug|Win32.Build.0 = Debug|Win32
		{37B903A3-633B-4F2C-9146-AA7D49C92B95}.Debug|x64.ActiveCfg = Debug|x64
		{37B903A3-633B-4F2C-9146-AA7D49C92B95}.Debug|x64.Build.0 = Debug|x64
		{37B903A3-633B-4F2C-9146-AA7D49C92B95}.Release|Win32.ActiveCfg = Release|Win32
		{37B903A3-633B-4F2C-9146-AA7D49C92B95}.Release|Win32.Build.0 = Release|Win32
		{37B903A3-633B-4F2C-9146-AA7D49C92B95}.Release|x64.ActiveCfg = Release|x64
		{37B903A3-633B-4F2C-9146-AA7D49C92B95}.Release|x64.Build.0 = Release|x64
		{11E19CA3-F409-41E3-BD62-E1CEA134B7DB}.Debug|Win32.ActiveCfg = Debug|Win32
		{11E19CA3-F409-41E3-BD62-E1CEA134B7DB}.Debug|Win32.Build.0 = Debug|Win32
		{11E19CA3-F409-41E3-BD62-E1CEA134B7DB}.Debug|x64.ActiveCfg = Debug|x64
		{11E19CA3-F409-41E3-BD62-E1CEA134B7DB}.Debug|x64.Build.0 = Debug|x64
		{11E19CA3-F409-41E3-BD62-E1CEA134B7DB}.Release|Win32.ActiveCfg = Release|Win32
		{11E19CA3-F409-41E3-BD62-E1CEA134B7DB}.Release|Win32.Build.0 = Release|Win32
		{11E19CA3-F409-41E3-BD62-E1CEA134B7DB}.Release|x64.ActiveCfg = Release|x64
		{11E19CA3-F409-41E3-BD62-E1CEA134B7DB}.Release|x64.Build.0 = Release|x64
		{59766094-16E8-4602-9621-6C1E5ED9AF5F}.Debug|Win32.ActiveCfg = Debug|Win32
		{59766094-16E8-4602-9621-6C1E5ED9AF5F}.Debug|Win32.Build.0 = Debug|Win32
		{59766094-16E8-4602-9621-6C1E5ED9AF5F}.Debug|x64.ActiveCfg = Debug|x64
		{59766094-16E8-4602-9621-6C1E5ED9AF5F}.Debug|x64.Build.0 = Debug|x64
		{59766094-16E8-4602-9621-6C1E5ED9AF5F}.Release|Win32.ActiveCfg = Release|Win32
		{59766094-16E8-4602-9621-6C1E5ED9AF5F}.Release|Win32.Build.0 = Release|Win32
		{59766094-16E8-4602-9621-6C1E5ED9AF5F}.Release|x64.ActiveCfg = Release|x64
		{59766094-16E8-4602-9621-6C1E5ED9AF5F}.Release|x64.Build.0 = Release|x64
		{4861DF07-69DC-4099-8F3D-1904FF720CAD}.Debug|Win32.ActiveCfg = Debug|Win32
		{4861DF07-69DC-4099-8F3D-1904FF720CAD}.Debug|Win32.Build.0 = Debug|Win32
		{4861DF07-69DC-4099-8F3D-1904FF720CAD}.Debug|x64.ActiveCfg = Debug|x64
		{4861DF07-69DC-4099-8F3D-1904FF720CAD}.Debug|x64.Build.0 = Debug|x64
		{4861DF07-69DC-4099-8F3D-1904FF720CAD}.Release|Win32.ActiveCfg = Release|Win32
		{4861DF07-69DC-4099-8F3D-1904FF720CAD}.Release|Win32.Build.0 = Release|Win32
		{4861DF07-69DC-4099-8F3D-1904FF720CAD}.Release|x64.ActiveCfg = Release|x64
		{4861DF07-69DC-4099-8F3D-1904FF720CAD}.Release|x64.Build.0 = Release|x64
		{AF551BC2-1AF3-419B-9B54-04C2EF4FAC72}.Debug|Win32.ActiveCfg = Debug|Win32
		{AF551BC2-1AF3-419B-9B54-04C2EF4FAC72}.Debug|Win32.Build.0 = Debug|Win32
		{AF551BC2-1AF3-419B-9B54-04C2EF4FAC72}.Debug|x64.ActiveCfg = Debug|x64
		{AF551BC2-1AF3-419B-9B54-04C2EF4FAC72}.Debug|x64.Build.0 = Debug|x64
		{AF551BC2-1AF3-419B-9B54-04C2EF4FAC72}.Release|Win32.ActiveCfg = Release|Win32
		{AF551BC2-1AF3-419B-9B54-04C2EF4FAC72}.Release|Win32.Build.0 = Release|Win32
		{AF551BC2-1AF3-419B-9B54-04C2EF4FAC72}.Release|x64.ActiveCfg = Release|x64
		{AF551BC2-1AF3-419B-9B54-04C2EF4FAC72}.Release|x64.Build.0 = Release|x64
		{A74D7687-3A0C-46C8-AC3D-304A68C7C635}.Debug|Win32.ActiveCfg = Debug|Win32
		{A74D7687-3A0C-46C8-AC3D-304A68C7C635}.Debug|Win32.Build.0 = Debug|Win32
		{A74D7687-3A0C-46C8-AC3D-304A68C7C635}.Debug|x64.ActiveCfg = Debug|x64
		{A74D7687-3A0C-46C8-AC3D-304A68C7C635}.Debug|x64.Build.0 = Debug|x64
		{A74D7687-3A0C-46C8-AC3D-304A68C7C635}.Release|Win32.ActiveCfg = Release|Win32
		{A74D7687-3A0C-46C8-AC3D-304A68C7C635}.Release|Win32.Build.0 = Release|Win32
		{A74D7687-3A0C-46C8-AC3D-304A68C7C635}.Release|x64.ActiveCfg = Release|x64
		{A74D7687-3A0C-46C8-AC3D-304A68C7C635}.Release|x64.Build.0 = Release|x64
	EndGlobalSection
	GlobalSection(SolutionProperties) = preSolution
		HideSolutionNode = FALSE
	EndGlobalSection
EndGlobal
