
Microsoft Visual Studio Solution File, Format Version 10.00
# Visual Studio 2008
Project("{8BC9CEB8-8B4A-11D0-8D11-00A0C91BC942}") = "KSipServer2", "KSipServer2\KSipServer2.vcproj", "{90F0FDB8-58A7-4518-A737-3A2A0AD6372C}"
	ProjectSection(ProjectDependencies) = postProject
		{59766094-16E8-4602-9621-6C1E5ED9AF5F} = {59766094-16E8-4602-9621-6C1E5ED9AF5F}
		{2F789294-8F50-42CE-A2EF-727648AA011A} = {2F789294-8F50-42CE-A2EF-727648AA011A}
		{4F768F9B-9B64-49EC-B2BD-BFB551E0CB0B} = {4F768F9B-9B64-49EC-B2BD-BFB551E0CB0B}
		{4EB746BE-8242-4BC2-B477-4BCC7209B101} = {4EB746BE-8242-4BC2-B477-4BCC7209B101}
		{AE43EDC1-72DC-4AA0-81B7-8CF3D6B146D2} = {AE43EDC1-72DC-4AA0-81B7-8CF3D6B146D2}
		{AF551BC2-1AF3-419B-9B54-04C2EF4FAC72} = {AF551BC2-1AF3-419B-9B54-04C2EF4FAC72}
		{0A63F0F1-91C9-4C0A-BB8B-152ADB770769} = {0A63F0F1-91C9-4C0A-BB8B-152ADB770769}
	EndProjectSection
EndProject
Project("{8BC9CEB8-8B4A-11D0-8D11-00A0C91BC942}") = "SipStack2", "SipStack2\SipStack2.vcproj", "{AE43EDC1-72DC-4AA0-81B7-8CF3D6B146D2}"
	ProjectSection(ProjectDependencies) = postProject
		{59766094-16E8-4602-9621-6C1E5ED9AF5F} = {59766094-16E8-4602-9621-6C1E5ED9AF5F}
		{0A63F0F1-91C9-4C0A-BB8B-152ADB770769} = {0A63F0F1-91C9-4C0A-BB8B-152ADB770769}
	EndProjectSection
EndProject
Project("{8BC9CEB8-8B4A-11D0-8D11-00A0C91BC942}") = "SipUserAgent2", "SipUserAgent2\SipUserAgent2.vcproj", "{4F768F9B-9B64-49EC-B2BD-BFB551E0CB0B}"
	ProjectSection(ProjectDependencies) = postProject
		{59766094-16E8-4602-9621-6C1E5ED9AF5F} = {59766094-16E8-4602-9621-6C1E5ED9AF5F}
		{4EB746BE-8242-4BC2-B477-4BCC7209B101} = {4EB746BE-8242-4BC2-B477-4BCC7209B101}
		{AE43EDC1-72DC-4AA0-81B7-8CF3D6B146D2} = {AE43EDC1-72DC-4AA0-81B7-8CF3D6B146D2}
		{0A63F0F1-91C9-4C0A-BB8B-152ADB770769} = {0A63F0F1-91C9-4C0A-BB8B-152ADB770769}
	EndProjectSection
EndProject
Project("{8BC9CEB8-8B4A-11D0-8D11-00A0C91BC942}") = "SipParser2", "SipParser2\SipParser2.vcproj", "{0A63F0F1-91C9-4C0A-BB8B-152ADB770769}"
EndProject
Project("{8BC9CEB8-8B4A-11D0-8D11-00A0C91BC942}") = "TestSipParser2", "TestSipParser2\TestSipParser2.vcproj", "{5FA92DA8-D409-4CCB-85F9-648B6665D127}"
	ProjectSection(ProjectDependencies) = postProject
		{59766094-16E8-4602-9621-6C1E5ED9AF5F} = {59766094-16E8-4602-9621-6C1E5ED9AF5F}
		{4EB746BE-8242-4BC2-B477-4BCC7209B101} = {4EB746BE-8242-4BC2-B477-4BCC7209B101}
		{AF551BC2-1AF3-419B-9B54-04C2EF4FAC72} = {AF551BC2-1AF3-419B-9B54-04C2EF4FAC72}
		{0A63F0F1-91C9-4C0A-BB8B-152ADB770769} = {0A63F0F1-91C9-4C0A-BB8B-152ADB770769}
	EndProjectSection
EndProject
Project("{8BC9CEB8-8B4A-11D0-8D11-00A0C91BC942}") = "ServerPlatform2", "ServerPlatform2\ServerPlatform2.vcproj", "{2F789294-8F50-42CE-A2EF-727648AA011A}"
EndProject
Project("{8BC9CEB8-8B4A-11D0-8D11-00A0C91BC942}") = "SipSpeedLinux2", "SipSpeedLinux2\SipSpeedLinux2.vcproj", "{43C8A55E-F01F-448F-A2EA-9ED7A95D7530}"
	ProjectSection(ProjectDependencies) = postProject
		{59766094-16E8-4602-9621-6C1E5ED9AF5F} = {59766094-16E8-4602-9621-6C1E5ED9AF5F}
		{4F768F9B-9B64-49EC-B2BD-BFB551E0CB0B} = {4F768F9B-9B64-49EC-B2BD-BFB551E0CB0B}
		{AE43EDC1-72DC-4AA0-81B7-8CF3D6B146D2} = {AE43EDC1-72DC-4AA0-81B7-8CF3D6B146D2}
		{AF551BC2-1AF3-419B-9B54-04C2EF4FAC72} = {AF551BC2-1AF3-419B-9B54-04C2EF4FAC72}
		{0A63F0F1-91C9-4C0A-BB8B-152ADB770769} = {0A63F0F1-91C9-4C0A-BB8B-152ADB770769}
	EndProjectSection
EndProject
Project("{8BC9CEB8-8B4A-11D0-8D11-00A0C91BC942}") = "SdpParser2", "SdpParser2\SdpParser2.vcproj", "{4EB746BE-8242-4BC2-B477-4BCC7209B101}"
EndProject
Project("{8BC9CEB8-8B4A-11D0-8D11-00A0C91BC942}") = "SipPlatform", "..\SipPlatform\SipPlatform.vcproj", "{59766094-16E8-4602-9621-6C1E5ED9AF5F}"
EndProject
Project("{8BC9CEB8-8B4A-11D0-8D11-00A0C91BC942}") = "XmlParser", "..\XmlParser\XmlParser.vcproj", "{AF551BC2-1AF3-419B-9B54-04C2EF4FAC72}"
EndProject
Project("{8BC9CEB8-8B4A-11D0-8D11-00A0C91BC942}") = "TestSipUserAgent2", "TestSipUserAgent2\TestSipUserAgent2.vcproj", "{CF773B1E-CD42-4BEF-B465-35EAD105EDFC}"
	ProjectSection(ProjectDependencies) = postProject
		{59766094-16E8-4602-9621-6C1E5ED9AF5F} = {59766094-16E8-4602-9621-6C1E5ED9AF5F}
		{4F768F9B-9B64-49EC-B2BD-BFB551E0CB0B} = {4F768F9B-9B64-49EC-B2BD-BFB551E0CB0B}
		{AE43EDC1-72DC-4AA0-81B7-8CF3D6B146D2} = {AE43EDC1-72DC-4AA0-81B7-8CF3D6B146D2}
		{0A63F0F1-91C9-4C0A-BB8B-152ADB770769} = {0A63F0F1-91C9-4C0A-BB8B-152ADB770769}
	EndProjectSection
EndProject
Global
	GlobalSection(SolutionConfigurationPlatforms) = preSolution
		Debug|Win32 = Debug|Win32
		Debug|x64 = Debug|x64
		Release|Win32 = Release|Win32
		Release|x64 = Release|x64
	EndGlobalSection
	GlobalSection(ProjectConfigurationPlatforms) = postSolution
		{90F0FDB8-58A7-4518-A737-3A2A0AD6372C}.Debug|Win32.ActiveCfg = Debug|Win32
		{90F0FDB8-58A7-4518-A737-3A2A0AD6372C}.Debug|Win32.Build.0 = Debug|Win32
		{90F0FDB8-58A7-4518-A737-3A2A0AD6372C}.Debug|x64.ActiveCfg = Debug|Win32
		{90F0FDB8-58A7-4518-A737-3A2A0AD6372C}.Release|Win32.ActiveCfg = Release|Win32
		{90F0FDB8-58A7-4518-A737-3A2A0AD6372C}.Release|Win32.Build.0 = Release|Win32
		{90F0FDB8-58A7-4518-A737-3A2A0AD6372C}.Release|x64.ActiveCfg = Release|Win32
		{AE43EDC1-72DC-4AA0-81B7-8CF3D6B146D2}.Debug|Win32.ActiveCfg = Debug|Win32
		{AE43EDC1-72DC-4AA0-81B7-8CF3D6B146D2}.Debug|Win32.Build.0 = Debug|Win32
		{AE43EDC1-72DC-4AA0-81B7-8CF3D6B146D2}.Debug|x64.ActiveCfg = Debug|Win32
		{AE43EDC1-72DC-4AA0-81B7-8CF3D6B146D2}.Release|Win32.ActiveCfg = Release|Win32
		{AE43EDC1-72DC-4AA0-81B7-8CF3D6B146D2}.Release|Win32.Build.0 = Release|Win32
		{AE43EDC1-72DC-4AA0-81B7-8CF3D6B146D2}.Release|x64.ActiveCfg = Release|Win32
		{4F768F9B-9B64-49EC-B2BD-BFB551E0CB0B}.Debug|Win32.ActiveCfg = Debug|Win32
		{4F768F9B-9B64-49EC-B2BD-BFB551E0CB0B}.Debug|Win32.Build.0 = Debug|Win32
		{4F768F9B-9B64-49EC-B2BD-BFB551E0CB0B}.Debug|x64.ActiveCfg = Debug|Win32
		{4F768F9B-9B64-49EC-B2BD-BFB551E0CB0B}.Release|Win32.ActiveCfg = Release|Win32
		{4F768F9B-9B64-49EC-B2BD-BFB551E0CB0B}.Release|Win32.Build.0 = Release|Win32
		{4F768F9B-9B64-49EC-B2BD-BFB551E0CB0B}.Release|x64.ActiveCfg = Release|Win32
		{0A63F0F1-91C9-4C0A-BB8B-152ADB770769}.Debug|Win32.ActiveCfg = Debug|Win32
		{0A63F0F1-91C9-4C0A-BB8B-152ADB770769}.Debug|Win32.Build.0 = Debug|Win32
		{0A63F0F1-91C9-4C0A-BB8B-152ADB770769}.Debug|x64.ActiveCfg = Debug|Win32
		{0A63F0F1-91C9-4C0A-BB8B-152ADB770769}.Release|Win32.ActiveCfg = Release|Win32
		{0A63F0F1-91C9-4C0A-BB8B-152ADB770769}.Release|Win32.Build.0 = Release|Win32
		{0A63F0F1-91C9-4C0A-BB8B-152ADB770769}.Release|x64.ActiveCfg = Release|Win32
		{5FA92DA8-D409-4CCB-85F9-648B6665D127}.Debug|Win32.ActiveCfg = Debug|Win32
		{5FA92DA8-D409-4CCB-85F9-648B6665D127}.Debug|Win32.Build.0 = Debug|Win32
		{5FA92DA8-D409-4CCB-85F9-648B6665D127}.Debug|x64.ActiveCfg = Debug|Win32
		{5FA92DA8-D409-4CCB-85F9-648B6665D127}.Release|Win32.ActiveCfg = Release|Win32
		{5FA92DA8-D409-4CCB-85F9-648B6665D127}.Release|Win32.Build.0 = Release|Win32
		{5FA92DA8-D409-4CCB-85F9-648B6665D127}.Release|x64.ActiveCfg = Release|Win32
		{2F789294-8F50-42CE-A2EF-727648AA011A}.Debug|Win32.ActiveCfg = Debug|Win32
		{2F789294-8F50-42CE-A2EF-727648AA011A}.Debug|Win32.Build.0 = Debug|Win32
		{2F789294-8F50-42CE-A2EF-727648AA011A}.Debug|x64.ActiveCfg = Debug|Win32
		{2F789294-8F50-42CE-A2EF-727648AA011A}.Release|Win32.ActiveCfg = Release|Win32
		{2F789294-8F50-42CE-A2EF-727648AA011A}.Release|Win32.Build.0 = Release|Win32
		{2F789294-8F50-42CE-A2EF-727648AA011A}.Release|x64.ActiveCfg = Release|Win32
		{43C8A55E-F01F-448F-A2EA-9ED7A95D7530}.Debug|Win32.ActiveCfg = Debug|Win32
		{43C8A55E-F01F-448F-A2EA-9ED7A95D7530}.Debug|Win32.Build.0 = Debug|Win32
		{43C8A55E-F01F-448F-A2EA-9ED7A95D7530}.Debug|x64.ActiveCfg = Debug|Win32
		{43C8A55E-F01F-448F-A2EA-9ED7A95D7530}.Release|Win32.ActiveCfg = Release|Win32
		{43C8A55E-F01F-448F-A2EA-9ED7A95D7530}.Release|Win32.Build.0 = Release|Win32
		{43C8A55E-F01F-448F-A2EA-9ED7A95D7530}.Release|x64.ActiveCfg = Release|Win32
		{4EB746BE-8242-4BC2-B477-4BCC7209B101}.Debug|Win32.ActiveCfg = Debug|Win32
		{4EB746BE-8242-4BC2-B477-4BCC7209B101}.Debug|Win32.Build.0 = Debug|Win32
		{4EB746BE-8242-4BC2-B477-4BCC7209B101}.Debug|x64.ActiveCfg = Debug|Win32
		{4EB746BE-8242-4BC2-B477-4BCC7209B101}.Release|Win32.ActiveCfg = Release|Win32
		{4EB746BE-8242-4BC2-B477-4BCC7209B101}.Release|Win32.Build.0 = Release|Win32
		{4EB746BE-8242-4BC2-B477-4BCC7209B101}.Release|x64.ActiveCfg = Release|Win32
		{59766094-16E8-4602-9621-6C1E5ED9AF5F}.Debug|Win32.ActiveCfg = Debug|Win32
		{59766094-16E8-4602-9621-6C1E5ED9AF5F}.Debug|Win32.Build.0 = Debug|Win32
		{59766094-16E8-4602-9621-6C1E5ED9AF5F}.Debug|x64.ActiveCfg = Debug|x64
		{59766094-16E8-4602-9621-6C1E5ED9AF5F}.Debug|x64.Build.0 = Debug|x64
		{59766094-16E8-4602-9621-6C1E5ED9AF5F}.Release|Win32.ActiveCfg = Release|Win32
		{59766094-16E8-4602-9621-6C1E5ED9AF5F}.Release|Win32.Build.0 = Release|Win32
		{59766094-16E8-4602-9621-6C1E5ED9AF5F}.Release|x64.ActiveCfg = Release|x64
		{59766094-16E8-4602-9621-6C1E5ED9AF5F}.Release|x64.Build.0 = Release|x64
		{AF551BC2-1AF3-419B-9B54-04C2EF4FAC72}.Debug|Win32.ActiveCfg = Debug|Win32
		{AF551BC2-1AF3-419B-9B54-04C2EF4FAC72}.Debug|Win32.Build.0 = Debug|Win32
		{AF551BC2-1AF3-419B-9B54-04C2EF4FAC72}.Debug|x64.ActiveCfg = Debug|x64
		{AF551BC2-1AF3-419B-9B54-04C2EF4FAC72}.Debug|x64.Build.0 = Debug|x64
		{AF551BC2-1AF3-419B-9B54-04C2EF4FAC72}.Release|Win32.ActiveCfg = Release|Win32
		{AF551BC2-1AF3-419B-9B54-04C2EF4FAC72}.Release|Win32.Build.0 = Release|Win32
		{AF551BC2-1AF3-419B-9B54-04C2EF4FAC72}.Release|x64.ActiveCfg = Release|x64
		{AF551BC2-1AF3-419B-9B54-04C2EF4FAC72}.Release|x64.Build.0 = Release|x64
		{CF773B1E-CD42-4BEF-B465-35EAD105EDFC}.Debug|Win32.ActiveCfg = Debug|Win32
		{CF773B1E-CD42-4BEF-B465-35EAD105EDFC}.Debug|Win32.Build.0 = Debug|Win32
		{CF773B1E-CD42-4BEF-B465-35EAD105EDFC}.Debug|x64.ActiveCfg = Debug|Win32
		{CF773B1E-CD42-4BEF-B465-35EAD105EDFC}.Release|Win32.ActiveCfg = Release|Win32
		{CF773B1E-CD42-4BEF-B465-35EAD105EDFC}.Release|Win32.Build.0 = Release|Win32
		{CF773B1E-CD42-4BEF-B465-35EAD105EDFC}.Release|x64.ActiveCfg = Release|Win32
	EndGlobalSection
	GlobalSection(SolutionProperties) = preSolution
		HideSolutionNode = FALSE
	EndGlobalSection
EndGlobal
