
Microsoft Visual Studio Solution File, Format Version 10.00
# Visual Studio 2008
Project("{8BC9CEB8-8B4A-11D0-8D11-00A0C91BC942}") = "RawFileGraph", "RawFileGraph\RawFileGraph.vcproj", "{079D91A7-ECE3-42F6-8847-A4C8E82DC329}"
EndProject
Global
	GlobalSection(SolutionConfigurationPlatforms) = preSolution
		Debug|Win32 = Debug|Win32
		Release|Win32 = Release|Win32
	EndGlobalSection
	GlobalSection(ProjectConfigurationPlatforms) = postSolution
		{079D91A7-ECE3-42F6-8847-A4C8E82DC329}.Debug|Win32.ActiveCfg = Debug|Win32
		{079D91A7-ECE3-42F6-8847-A4C8E82DC329}.Debug|Win32.Build.0 = Debug|Win32
		{079D91A7-ECE3-42F6-8847-A4C8E82DC329}.Release|Win32.ActiveCfg = Release|Win32
		{079D91A7-ECE3-42F6-8847-A4C8E82DC329}.Release|Win32.Build.0 = Release|Win32
	EndGlobalSection
	GlobalSection(SolutionProperties) = preSolution
		HideSolutionNode = FALSE
	EndGlobalSection
EndGlobal
