<?xml version="1.0" encoding="utf-8"?>
<Project ToolsVersion="4.0" xmlns="http://schemas.microsoft.com/developer/msbuild/2003">
  <ItemGroup>
    <Filter Include="소스 파일">
      <UniqueIdentifier>{4FC737F1-C7A5-4376-A066-2A32D752A2FF}</UniqueIdentifier>
      <Extensions>cpp;c;cc;cxx;def;odl;idl;hpj;bat;asm;asmx</Extensions>
    </Filter>
    <Filter Include="헤더 파일">
      <UniqueIdentifier>{93995380-89BD-4b04-88EB-625FBE52EBFB}</UniqueIdentifier>
      <Extensions>h;hpp;hxx;hm;inl;inc;xsd</Extensions>
    </Filter>
  </ItemGroup>
  <ItemGroup>
    <ClCompile Include="SdpAttribute.cpp">
      <Filter>소스 파일</Filter>
    </ClCompile>
    <ClCompile Include="SdpAttributeCrypto.cpp">
      <Filter>소스 파일</Filter>
    </ClCompile>
    <ClCompile Include="SdpBandWidth.cpp">
      <Filter>소스 파일</Filter>
    </ClCompile>
    <ClCompile Include="SdpConnection.cpp">
      <Filter>소스 파일</Filter>
    </ClCompile>
    <ClCompile Include="SdpMedia.cpp">
      <Filter>소스 파일</Filter>
    </ClCompile>
    <ClCompile Include="SdpMessage.cpp">
      <Filter>소스 파일</Filter>
    </ClCompile>
    <ClCompile Include="SdpOrigin.cpp">
      <Filter>소스 파일</Filter>
    </ClCompile>
    <ClCompile Include="SdpTime.cpp">
      <Filter>소스 파일</Filter>
    </ClCompile>
  </ItemGroup>
  <ItemGroup>
    <ClInclude Include="SdpAttribute.h">
      <Filter>헤더 파일</Filter>
    </ClInclude>
    <ClInclude Include="SdpAttributeCrypto.h">
      <Filter>헤더 파일</Filter>
    </ClInclude>
    <ClInclude Include="SdpBandWidth.h">
      <Filter>헤더 파일</Filter>
    </ClInclude>
    <ClInclude Include="SdpConnection.h">
      <Filter>헤더 파일</Filter>
    </ClInclude>
    <ClInclude Include="SdpMedia.h">
      <Filter>헤더 파일</Filter>
    </ClInclude>
    <ClInclude Include="SdpMessage.h">
      <Filter>헤더 파일</Filter>
    </ClInclude>
    <ClInclude Include="SdpOrigin.h">
      <Filter>헤더 파일</Filter>
    </ClInclude>
    <ClInclude Include="SdpTime.h">
      <Filter>헤더 파일</Filter>
    </ClInclude>
  </ItemGroup>
</Project>