<?xml version="1.0" encoding="utf-8"?>
<Project ToolsVersion="4.0" xmlns="http://schemas.microsoft.com/developer/msbuild/2003">
  <ItemGroup>
    <Filter Include="소스 파일">
      <UniqueIdentifier>{4FC737F1-C7A5-4376-A066-2A32D752A2FF}</UniqueIdentifier>
      <Extensions>cpp;c;cc;cxx;def;odl;idl;hpj;bat;asm;asmx</Extensions>
    </Filter>
    <Filter Include="설정파일">
      <UniqueIdentifier>{9b07c727-b5ba-4437-af47-084cca3d4ed6}</UniqueIdentifier>
    </Filter>
  </ItemGroup>
  <ItemGroup>
    <ClCompile Include="SipClient.cpp">
      <Filter>소스 파일</Filter>
    </ClCompile>
    <ClCompile Include="SipSpeedLinux.cpp">
      <Filter>소스 파일</Filter>
    </ClCompile>
    <ClCompile Include="SipSpeedSetup.cpp">
      <Filter>설정파일</Filter>
    </ClCompile>
  </ItemGroup>
  <ItemGroup>
    <ClInclude Include="SipClient.h">
      <Filter>소스 파일</Filter>
    </ClInclude>
    <ClInclude Include="SipSpeedLinux.h">
      <Filter>소스 파일</Filter>
    </ClInclude>
    <ClInclude Include="SipSpeedSetup.h">
      <Filter>설정파일</Filter>
    </ClInclude>
  </ItemGroup>
</Project>