<?xml version="1.0" encoding="utf-8"?>
<Project ToolsVersion="4.0" xmlns="http://schemas.microsoft.com/developer/msbuild/2003">
  <ItemGroup>
    <Filter Include="소스 파일">
      <UniqueIdentifier>{4FC737F1-C7A5-4376-A066-2A32D752A2FF}</UniqueIdentifier>
      <Extensions>cpp;c;cc;cxx;def;odl;idl;hpj;bat;asm;asmx</Extensions>
    </Filter>
    <Filter Include="헤더 파일">
      <UniqueIdentifier>{93995380-89BD-4b04-88EB-625FBE52EBFB}</UniqueIdentifier>
      <Extensions>h;hpp;hxx;hm;inl;inc;xsd</Extensions>
    </Filter>
    <Filter Include="유틸리티">
      <UniqueIdentifier>{04981e58-202c-40a2-b8ad-103ca4301251}</UniqueIdentifier>
    </Filter>
  </ItemGroup>
  <ItemGroup>
    <ClCompile Include="SipAcceptData.cpp">
      <Filter>소스 파일</Filter>
    </ClCompile>
    <ClCompile Include="SipCallId.cpp">
      <Filter>소스 파일</Filter>
    </ClCompile>
    <ClCompile Include="SipChallenge.cpp">
      <Filter>소스 파일</Filter>
    </ClCompile>
    <ClCompile Include="SipContentType.cpp">
      <Filter>소스 파일</Filter>
    </ClCompile>
    <ClCompile Include="SipCredential.cpp">
      <Filter>소스 파일</Filter>
    </ClCompile>
    <ClCompile Include="SipCSeq.cpp">
      <Filter>소스 파일</Filter>
    </ClCompile>
    <ClCompile Include="SipFrom.cpp">
      <Filter>소스 파일</Filter>
    </ClCompile>
    <ClCompile Include="SipHeader.cpp">
      <Filter>소스 파일</Filter>
    </ClCompile>
    <ClCompile Include="SipMessage.cpp">
      <Filter>소스 파일</Filter>
    </ClCompile>
    <ClCompile Include="SipParameter.cpp">
      <Filter>소스 파일</Filter>
    </ClCompile>
    <ClCompile Include="SipParameterList.cpp">
      <Filter>소스 파일</Filter>
    </ClCompile>
    <ClCompile Include="SipReason.cpp">
      <Filter>소스 파일</Filter>
    </ClCompile>
    <ClCompile Include="SipStatusCode.cpp">
      <Filter>소스 파일</Filter>
    </ClCompile>
    <ClCompile Include="SipTransport.cpp">
      <Filter>소스 파일</Filter>
    </ClCompile>
    <ClCompile Include="SipUri.cpp">
      <Filter>소스 파일</Filter>
    </ClCompile>
    <ClCompile Include="SipVia.cpp">
      <Filter>소스 파일</Filter>
    </ClCompile>
    <ClCompile Include="SipUtility.cpp">
      <Filter>유틸리티</Filter>
    </ClCompile>
  </ItemGroup>
  <ItemGroup>
    <ClInclude Include="SipAcceptData.h">
      <Filter>헤더 파일</Filter>
    </ClInclude>
    <ClInclude Include="SipCallId.h">
      <Filter>헤더 파일</Filter>
    </ClInclude>
    <ClInclude Include="SipChallenge.h">
      <Filter>헤더 파일</Filter>
    </ClInclude>
    <ClInclude Include="SipContentType.h">
      <Filter>헤더 파일</Filter>
    </ClInclude>
    <ClInclude Include="SipCredential.h">
      <Filter>헤더 파일</Filter>
    </ClInclude>
    <ClInclude Include="SipCSeq.h">
      <Filter>헤더 파일</Filter>
    </ClInclude>
    <ClInclude Include="SipFrom.h">
      <Filter>헤더 파일</Filter>
    </ClInclude>
    <ClInclude Include="SipHeader.h">
      <Filter>헤더 파일</Filter>
    </ClInclude>
    <ClInclude Include="SipMessage.h">
      <Filter>헤더 파일</Filter>
    </ClInclude>
    <ClInclude Include="SipParameter.h">
      <Filter>헤더 파일</Filter>
    </ClInclude>
    <ClInclude Include="SipParameterList.h">
      <Filter>헤더 파일</Filter>
    </ClInclude>
    <ClInclude Include="SipParserDefine.h">
      <Filter>헤더 파일</Filter>
    </ClInclude>
    <ClInclude Include="SipReason.h">
      <Filter>헤더 파일</Filter>
    </ClInclude>
    <ClInclude Include="SipStatusCode.h">
      <Filter>헤더 파일</Filter>
    </ClInclude>
    <ClInclude Include="SipTransport.h">
      <Filter>헤더 파일</Filter>
    </ClInclude>
    <ClInclude Include="SipUri.h">
      <Filter>헤더 파일</Filter>
    </ClInclude>
    <ClInclude Include="SipVia.h">
      <Filter>헤더 파일</Filter>
    </ClInclude>
    <ClInclude Include="SipUtility.h">
      <Filter>유틸리티</Filter>
    </ClInclude>
  </ItemGroup>
</Project>